
Microsoft Visual Studio Solution File, Format Version 12.00
# Visual Studio 14
VisualStudioVersion = 14.0.25123.0
MinimumVisualStudioVersion = 10.0.40219.1
Project("{FAE04EC0-301F-11D3-BF4B-00C04F79EFBC}") = "Vidly", "Vidly\Vidly.csproj", "{8B5DA906-B774-41F2-97E3-9DA25D85585A}"
EndProject
Project("{FAE04EC0-301F-11D3-BF4B-00C04F79EFBC}") = "Vidly.Tests", "Vidly.Tests\Vidly.Tests.csproj", "{F4298C19-D70C-43E8-B179-064009DF7697}"
EndProject
Global
	GlobalSection(SolutionConfigurationPlatforms) = preSolution
		Debug|Any CPU = Debug|Any CPU
		Release|Any CPU = Release|Any CPU
	EndGlobalSection
	GlobalSection(ProjectConfigurationPlatforms) = postSolution
		{8B5DA906-B774-41F2-97E3-9DA25D85585A}.Debug|Any CPU.ActiveCfg = Debug|Any CPU
		{8B5DA906-B774-41F2-97E3-9DA25D85585A}.Debug|Any CPU.Build.0 = Debug|Any CPU
		{8B5DA906-B774-41F2-97E3-9DA25D85585A}.Release|Any CPU.ActiveCfg = Release|Any CPU
		{8B5DA906-B774-41F2-97E3-9DA25D85585A}.Release|Any CPU.Build.0 = Release|Any CPU
		{F4298C19-D70C-43E8-B179-064009DF7697}.Debug|Any CPU.ActiveCfg = Debug|Any CPU
		{F4298C19-D70C-43E8-B179-064009DF7697}.Debug|Any CPU.Build.0 = Debug|Any CPU
		{F4298C19-D70C-43E8-B179-064009DF7697}.Release|Any CPU.ActiveCfg = Release|Any CPU
		{F4298C19-D70C-43E8-B179-064009DF7697}.Release|Any CPU.Build.0 = Release|Any CPU
	EndGlobalSection
	GlobalSection(SolutionProperties) = preSolution
		HideSolutionNode = FALSE
	EndGlobalSection
EndGlobal
